PODS:
  - Alamofire (3.4.1)
  - BrightFutures (4.1.0):
    - Result (~> 2.0)
  - GCDWebServer (3.3.2):
    - GCDWebServer/Core (= 3.3.2)
  - GCDWebServer/Core (3.3.2)
  - Result (2.1.2)

DEPENDENCIES:
  - Alamofire (~> 3.4)
  - BrightFutures
  - GCDWebServer (~> 3.0)

SPEC CHECKSUMS:
  Alamofire: 01a82e2f6c0f860ade35534c8dd88be61bdef40c
  BrightFutures: e18b83fd6fa8562ceb9902ee609f0de23b0ee110
  GCDWebServer: 2a375ec42839a41d7187d04e5b688d32fa5c4cd5
  Result: 6e722d4a66b1408680dbfcdf51c0b1c4b706316a

PODFILE CHECKSUM: c9ca937be093d933a04ffc20969621b04803c19d

COCOAPODS: 1.0.1
